
Microsoft Visual Studio Solution File, Format Version 12.00
# Visual Studio Version 17
VisualStudioVersion = 17.7.34018.315
MinimumVisualStudioVersion = 10.0.40219.1
Project("{9A19103F-16F7-4668-BE54-9A1E7A4F7556}") = "AmazonClone.Dto", "AmazonClone.Dto\AmazonClone.Dto.csproj", "{77FB634E-82B2-4E0A-911E-0154B7A6B879}"
EndProject
Project("{9A19103F-16F7-4668-BE54-9A1E7A4F7556}") = "AmazonClone.Model", "AmazonClone.Models\AmazonClone.Model.csproj", "{AD6FA429-37A4-4A83-AE54-8E815B4E7A42}"
EndProject
Project("{9A19103F-16F7-4668-BE54-9A1E7A4F7556}") = "AmazonClone.Repository", "AmazonClone.Repository\AmazonClone.Repository.csproj", "{73DB2365-BAA5-461A-9A08-1F1056C4517D}"
EndProject
Project("{9A19103F-16F7-4668-BE54-9A1E7A4F7556}") = "AmazonClone.Service", "AmazonClone.Service\AmazonClone.Service.csproj", "{B0A874E7-36F6-49B8-AAD8-3D19AF4DEE96}"
EndProject
Project("{9A19103F-16F7-4668-BE54-9A1E7A4F7556}") = "AmazonClone.Data", "AmazoneClone.Data\AmazonClone.Data.csproj", "{C993B1FB-8B9D-4910-B7BF-0DCD91E4DBD6}"
EndProject
Project("{9A19103F-16F7-4668-BE54-9A1E7A4F7556}") = "AmazonClone.Api", "AmazonClone.Api\AmazonClone.Api.csproj", "{3DEBF162-7D4D-4FC6-B2BC-67ACFBC4BA7A}"
EndProject
Project("{FAE04EC0-301F-11D3-BF4B-00C04F79EFBC}") = "AmazonClone.Test", "AmazonClone.Test\AmazonClone.Test.csproj", "{DB83C4AA-83B7-49E9-B1E6-A71230894BE3}"
EndProject
Global
	GlobalSection(SolutionConfigurationPlatforms) = preSolution
		Debug|Any CPU = Debug|Any CPU
		Release|Any CPU = Release|Any CPU
	EndGlobalSection
	GlobalSection(ProjectConfigurationPlatforms) = postSolution
		{77FB634E-82B2-4E0A-911E-0154B7A6B879}.Debug|Any CPU.ActiveCfg = Debug|Any CPU
		{77FB634E-82B2-4E0A-911E-0154B7A6B879}.Debug|Any CPU.Build.0 = Debug|Any CPU
		{77FB634E-82B2-4E0A-911E-0154B7A6B879}.Release|Any CPU.ActiveCfg = Release|Any CPU
		{77FB634E-82B2-4E0A-911E-0154B7A6B879}.Release|Any CPU.Build.0 = Release|Any CPU
		{AD6FA429-37A4-4A83-AE54-8E815B4E7A42}.Debug|Any CPU.ActiveCfg = Debug|Any CPU
		{AD6FA429-37A4-4A83-AE54-8E815B4E7A42}.Debug|Any CPU.Build.0 = Debug|Any CPU
		{AD6FA429-37A4-4A83-AE54-8E815B4E7A42}.Release|Any CPU.ActiveCfg = Release|Any CPU
		{AD6FA429-37A4-4A83-AE54-8E815B4E7A42}.Release|Any CPU.Build.0 = Release|Any CPU
		{73DB2365-BAA5-461A-9A08-1F1056C4517D}.Debug|Any CPU.ActiveCfg = Debug|Any CPU
		{73DB2365-BAA5-461A-9A08-1F1056C4517D}.Debug|Any CPU.Build.0 = Debug|Any CPU
		{73DB2365-BAA5-461A-9A08-1F1056C4517D}.Release|Any CPU.ActiveCfg = Release|Any CPU
		{73DB2365-BAA5-461A-9A08-1F1056C4517D}.Release|Any CPU.Build.0 = Release|Any CPU
		{B0A874E7-36F6-49B8-AAD8-3D19AF4DEE96}.Debug|Any CPU.ActiveCfg = Debug|Any CPU
		{B0A874E7-36F6-49B8-AAD8-3D19AF4DEE96}.Debug|Any CPU.Build.0 = Debug|Any CPU
		{B0A874E7-36F6-49B8-AAD8-3D19AF4DEE96}.Release|Any CPU.ActiveCfg = Release|Any CPU
		{B0A874E7-36F6-49B8-AAD8-3D19AF4DEE96}.Release|Any CPU.Build.0 = Release|Any CPU
		{C993B1FB-8B9D-4910-B7BF-0DCD91E4DBD6}.Debug|Any CPU.ActiveCfg = Debug|Any CPU
		{C993B1FB-8B9D-4910-B7BF-0DCD91E4DBD6}.Debug|Any CPU.Build.0 = Debug|Any CPU
		{C993B1FB-8B9D-4910-B7BF-0DCD91E4DBD6}.Release|Any CPU.ActiveCfg = Release|Any CPU
		{C993B1FB-8B9D-4910-B7BF-0DCD91E4DBD6}.Release|Any CPU.Build.0 = Release|Any CPU
		{3DEBF162-7D4D-4FC6-B2BC-67ACFBC4BA7A}.Debug|Any CPU.ActiveCfg = Debug|Any CPU
		{3DEBF162-7D4D-4FC6-B2BC-67ACFBC4BA7A}.Debug|Any CPU.Build.0 = Debug|Any CPU
		{3DEBF162-7D4D-4FC6-B2BC-67ACFBC4BA7A}.Release|Any CPU.ActiveCfg = Release|Any CPU
		{3DEBF162-7D4D-4FC6-B2BC-67ACFBC4BA7A}.Release|Any CPU.Build.0 = Release|Any CPU
		{DB83C4AA-83B7-49E9-B1E6-A71230894BE3}.Debug|Any CPU.ActiveCfg = Debug|Any CPU
		{DB83C4AA-83B7-49E9-B1E6-A71230894BE3}.Debug|Any CPU.Build.0 = Debug|Any CPU
		{DB83C4AA-83B7-49E9-B1E6-A71230894BE3}.Release|Any CPU.ActiveCfg = Release|Any CPU
		{DB83C4AA-83B7-49E9-B1E6-A71230894BE3}.Release|Any CPU.Build.0 = Release|Any CPU
	EndGlobalSection
	GlobalSection(SolutionProperties) = preSolution
		HideSolutionNode = FALSE
	EndGlobalSection
	GlobalSection(ExtensibilityGlobals) = postSolution
		SolutionGuid = {212FCBC9-BFA1-4921-949E-C072F89DAABD}
	EndGlobalSection
EndGlobal
